Microsoft Visual Studio Solution File, Format Version 12.00
# Visual Studio Version 17
VisualStudioVersion = 17.0.31903.59
MinimumVisualStudioVersion = 10.0.40219.1
Project("{FAE04EC0-301F-11D3-BF4B-00C04F79EFBC}") = "SoftcomSmartProvisioner", "src\SoftcomSmartProvisioner\SoftcomSmartProvisioner.csproj", "{885BC6A7-11CD-45AA-9319-4EFA4E523616}"
EndProject
Project("{FAE04EC0-301F-11D3-BF4B-00C04F79EFBC}") = "SoftcomSmartProvisioner.Updater", "src\SoftcomSmartProvisioner.Updater\SoftcomSmartProvisioner.Updater.csproj", "{7BCE7C90-5E3E-49C9-AE2A-A2D2D495F055}"
EndProject
Global
	GlobalSection(SolutionConfigurationPlatforms) = preSolution
		Debug|Any CPU = Debug|Any CPU
		Release|Any CPU = Release|Any CPU
	EndGlobalSection
	GlobalSection(ProjectConfigurationPlatforms) = postSolution
		{885BC6A7-11CD-45AA-9319-4EFA4E523616}.Debug|Any CPU.ActiveCfg = Debug|Any CPU
		{885BC6A7-11CD-45AA-9319-4EFA4E523616}.Debug|Any CPU.Build.0 = Debug|Any CPU
		{885BC6A7-11CD-45AA-9319-4EFA4E523616}.Release|Any CPU.ActiveCfg = Release|Any CPU
		{885BC6A7-11CD-45AA-9319-4EFA4E523616}.Release|Any CPU.Build.0 = Release|Any CPU
		{7BCE7C90-5E3E-49C9-AE2A-A2D2D495F055}.Debug|Any CPU.ActiveCfg = Debug|Any CPU
		{7BCE7C90-5E3E-49C9-AE2A-A2D2D495F055}.Debug|Any CPU.Build.0 = Debug|Any CPU
		{7BCE7C90-5E3E-49C9-AE2A-A2D2D495F055}.Release|Any CPU.ActiveCfg = Release|Any CPU
		{7BCE7C90-5E3E-49C9-AE2A-A2D2D495F055}.Release|Any CPU.Build.0 = Release|Any CPU
	EndGlobalSection
EndGlobal
